// !$*UTF8*$!
{
	archiveVersion = 1;
	classes = {
	};
	objectVersion = 56;
	objects = {

/* Begin PBXBuildFile section */
		342F4E342CE625820092251B /* MonthlyView.swift in Sources */ = {isa = PBXBuildFile; fileRef = 342F4E332CE625820092251B /* MonthlyView.swift */; };
		342F4E372CE73A810092251B /* Date+Extension.swift in Sources */ = {isa = PBXBuildFile; fileRef = 342F4E362CE73A810092251B /* Date+Extension.swift */; };
		3435BD062CEB538400682DB7 /* NewTaskView.swift in Sources */ = {isa = PBXBuildFile; fileRef = 3435BD052CEB538400682DB7 /* NewTaskView.swift */; };
		3435BD082CEB54BC00682DB7 /* TaskCategoryView.swift in Sources */ = {isa = PBXBuildFile; fileRef = 3435BD072CEB54BC00682DB7 /* TaskCategoryView.swift */; };
		34A6985B2CE8C5F700AAA981 /* WeeklyView.swift in Sources */ = {isa = PBXBuildFile; fileRef = 34A6985A2CE8C5F700AAA981 /* WeeklyView.swift */; };
		34A6985D2CE99BE200AAA981 /* TaskInstance.swift in Sources */ = {isa = PBXBuildFile; fileRef = 34A6985C2CE99BE200AAA981 /* TaskInstance.swift */; };
		34A6985F2CE99C3500AAA981 /* TaskViewModel.swift in Sources */ = {isa = PBXBuildFile; fileRef = 34A6985E2CE99C3500AAA981 /* TaskViewModel.swift */; };
		34A698612CE9A8A100AAA981 /* DailyView.swift in Sources */ = {isa = PBXBuildFile; fileRef = 34A698602CE9A8A100AAA981 /* DailyView.swift */; };
		34E6C4452CE6213C00A25F06 /* housemates_startupApp.swift in Sources */ = {isa = PBXBuildFile; fileRef = 34E6C4442CE6213C00A25F06 /* housemates_startupApp.swift */; };
		34E6C4472CE6213C00A25F06 /* ContentView.swift in Sources */ = {isa = PBXBuildFile; fileRef = 34E6C4462CE6213C00A25F06 /* ContentView.swift */; };
		34E6C4492CE6213D00A25F06 /* Assets.xcassets in Resources */ = {isa = PBXBuildFile; fileRef = 34E6C4482CE6213D00A25F06 /* Assets.xcassets */; };
		34E6C44C2CE6213D00A25F06 /* Preview Assets.xcassets in Resources */ = {isa = PBXBuildFile; fileRef = 34E6C44B2CE6213D00A25F06 /* Preview Assets.xcassets */; };
		34F35B0C2CEF3A57007A68E0 /* FirebaseAnalytics in Frameworks */ = {isa = PBXBuildFile; productRef = 34F35B0B2CEF3A57007A68E0 /* FirebaseAnalytics */; };
		34F35B0F2CEF3DAD007A68E0 /* FirebaseAuth in Frameworks */ = {isa = PBXBuildFile; productRef = 34F35B0E2CEF3DAD007A68E0 /* FirebaseAuth */; };
		34F35B122CEF3E11007A68E0 /* SignInView.swift in Sources */ = {isa = PBXBuildFile; fileRef = 34F35B112CEF3E11007A68E0 /* SignInView.swift */; };
		34F35B142CEF3E4F007A68E0 /* AuthenticationView.swift in Sources */ = {isa = PBXBuildFile; fileRef = 34F35B132CEF3E4F007A68E0 /* AuthenticationView.swift */; };
		34F35B162CEF3F56007A68E0 /* SignInEmailViewModel.swift in Sources */ = {isa = PBXBuildFile; fileRef = 34F35B152CEF3F56007A68E0 /* SignInEmailViewModel.swift */; };
		34F35B182CEF40BA007A68E0 /* AuthenticationManager.swift in Sources */ = {isa = PBXBuildFile; fileRef = 34F35B172CEF40BA007A68E0 /* AuthenticationManager.swift */; };
		34F35B1A2CEF41AE007A68E0 /* AuthDataResultModel.swift in Sources */ = {isa = PBXBuildFile; fileRef = 34F35B192CEF41AE007A68E0 /* AuthDataResultModel.swift */; };
		34F35B1E2CEF4685007A68E0 /* SettingsView.swift in Sources */ = {isa = PBXBuildFile; fileRef = 34F35B1D2CEF4685007A68E0 /* SettingsView.swift */; };
		34F35B212CEF56B6007A68E0 /* GoogleSignIn in Frameworks */ = {isa = PBXBuildFile; productRef = 34F35B202CEF56B6007A68E0 /* GoogleSignIn */; };
		34F35B232CEF56B6007A68E0 /* GoogleSignInSwift in Frameworks */ = {isa = PBXBuildFile; productRef = 34F35B222CEF56B6007A68E0 /* GoogleSignInSwift */; };
		34F35B282CEF5931007A68E0 /* GoogleService-Info.plist in Resources */ = {isa = PBXBuildFile; fileRef = 34F35B272CEF5931007A68E0 /* GoogleService-Info.plist */; };
		34F35B2B2CEF5B4A007A68E0 /* Utilities.swift in Sources */ = {isa = PBXBuildFile; fileRef = 34F35B2A2CEF5B4A007A68E0 /* Utilities.swift */; };
		34F35B2D2CEF6495007A68E0 /* SignInGoogleHelper.swift in Sources */ = {isa = PBXBuildFile; fileRef = 34F35B2C2CEF6495007A68E0 /* SignInGoogleHelper.swift */; };
/* End PBXBuildFile section */

/* Begin PBXFileReference section */
		342F4E332CE625820092251B /* MonthlyView.swift */ = {isa = PBXFileReference; lastKnownFileType = sourcecode.swift; path = MonthlyView.swift; sourceTree = "<group>"; };
		342F4E362CE73A810092251B /* Date+Extension.swift */ = {isa = PBXFileReference; lastKnownFileType = sourcecode.swift; path = "Date+Extension.swift"; sourceTree = "<group>"; };
		3435BD052CEB538400682DB7 /* NewTaskView.swift */ = {isa = PBXFileReference; lastKnownFileType = sourcecode.swift; path = NewTaskView.swift; sourceTree = "<group>"; };
		3435BD072CEB54BC00682DB7 /* TaskCategoryView.swift */ = {isa = PBXFileReference; lastKnownFileType = sourcecode.swift; path = TaskCategoryView.swift; sourceTree = "<group>"; };
		34A6985A2CE8C5F700AAA981 /* WeeklyView.swift */ = {isa = PBXFileReference; lastKnownFileType = sourcecode.swift; path = WeeklyView.swift; sourceTree = "<group>"; };
		34A6985C2CE99BE200AAA981 /* TaskInstance.swift */ = {isa = PBXFileReference; lastKnownFileType = sourcecode.swift; path = TaskInstance.swift; sourceTree = "<group>"; };
		34A6985E2CE99C3500AAA981 /* TaskViewModel.swift */ = {isa = PBXFileReference; lastKnownFileType = sourcecode.swift; path = TaskViewModel.swift; sourceTree = "<group>"; };
		34A698602CE9A8A100AAA981 /* DailyView.swift */ = {isa = PBXFileReference; lastKnownFileType = sourcecode.swift; path = DailyView.swift; sourceTree = "<group>"; };
		34E6C4412CE6213C00A25F06 /* housemates-startup.app */ = {isa = PBXFileReference; explicitFileType = wrapper.application; includeInIndex = 0; path = "housemates-startup.app"; sourceTree = BUILT_PRODUCTS_DIR; };
		34E6C4442CE6213C00A25F06 /* housemates_startupApp.swift */ = {isa = PBXFileReference; lastKnownFileType = sourcecode.swift; path = housemates_startupApp.swift; sourceTree = "<group>"; };
		34E6C4462CE6213C00A25F06 /* ContentView.swift */ = {isa = PBXFileReference; lastKnownFileType = sourcecode.swift; path = ContentView.swift; sourceTree = "<group>"; };
		34E6C4482CE6213D00A25F06 /* Assets.xcassets */ = {isa = PBXFileReference; lastKnownFileType = folder.assetcatalog; path = Assets.xcassets; sourceTree = "<group>"; };
		34E6C44B2CE6213D00A25F06 /* Preview Assets.xcassets */ = {isa = PBXFileReference; lastKnownFileType = folder.assetcatalog; path = "Preview Assets.xcassets"; sourceTree = "<group>"; };
		34F35B112CEF3E11007A68E0 /* SignInView.swift */ = {isa = PBXFileReference; lastKnownFileType = sourcecode.swift; path = SignInView.swift; sourceTree = "<group>"; };
		34F35B132CEF3E4F007A68E0 /* AuthenticationView.swift */ = {isa = PBXFileReference; lastKnownFileType = sourcecode.swift; path = AuthenticationView.swift; sourceTree = "<group>"; };
		34F35B152CEF3F56007A68E0 /* SignInEmailViewModel.swift */ = {isa = PBXFileReference; lastKnownFileType = sourcecode.swift; path = SignInEmailViewModel.swift; sourceTree = "<group>"; };
		34F35B172CEF40BA007A68E0 /* AuthenticationManager.swift */ = {isa = PBXFileReference; lastKnownFileType = sourcecode.swift; path = AuthenticationManager.swift; sourceTree = "<group>"; };
		34F35B192CEF41AE007A68E0 /* AuthDataResultModel.swift */ = {isa = PBXFileReference; lastKnownFileType = sourcecode.swift; path = AuthDataResultModel.swift; sourceTree = "<group>"; };
		34F35B1D2CEF4685007A68E0 /* SettingsView.swift */ = {isa = PBXFileReference; lastKnownFileType = sourcecode.swift; path = SettingsView.swift; sourceTree = "<group>"; };
		34F35B242CEF56EA007A68E0 /* Info.plist */ = {isa = PBXFileReference; lastKnownFileType = text.plist; path = Info.plist; sourceTree = "<group>"; };
		34F35B272CEF5931007A68E0 /* GoogleService-Info.plist */ = {isa = PBXFileReference; fileEncoding = 4; lastKnownFileType = text.plist.xml; path = "GoogleService-Info.plist"; sourceTree = "<group>"; };
		34F35B2A2CEF5B4A007A68E0 /* Utilities.swift */ = {isa = PBXFileReference; lastKnownFileType = sourcecode.swift; path = Utilities.swift; sourceTree = "<group>"; };
		34F35B2C2CEF6495007A68E0 /* SignInGoogleHelper.swift */ = {isa = PBXFileReference; lastKnownFileType = sourcecode.swift; path = SignInGoogleHelper.swift; sourceTree = "<group>"; };
/* End PBXFileReference section */

/* Begin PBXFrameworksBuildPhase section */
		34E6C43E2CE6213C00A25F06 /* Frameworks */ = {
			isa = PBXFrameworksBuildPhase;
			buildActionMask = 2147483647;
			files = (
				34F35B0C2CEF3A57007A68E0 /* FirebaseAnalytics in Frameworks */,
				34F35B0F2CEF3DAD007A68E0 /* FirebaseAuth in Frameworks */,
				34F35B212CEF56B6007A68E0 /* GoogleSignIn in Frameworks */,
				34F35B232CEF56B6007A68E0 /* GoogleSignInSwift in Frameworks */,
			);
			runOnlyForDeploymentPostprocessing = 0;
		};
/* End PBXFrameworksBuildPhase section */

/* Begin PBXGroup section */
		34E6C4382CE6213C00A25F06 = {
			isa = PBXGroup;
			children = (
				34E6C4432CE6213C00A25F06 /* housemates-startup */,
				34E6C4422CE6213C00A25F06 /* Products */,
				34F35B0D2CEF3DAD007A68E0 /* Frameworks */,
			);
			sourceTree = "<group>";
		};
		34E6C4422CE6213C00A25F06 /* Products */ = {
			isa = PBXGroup;
			children = (
				34E6C4412CE6213C00A25F06 /* housemates-startup.app */,
			);
			name = Products;
			sourceTree = "<group>";
		};
		34E6C4432CE6213C00A25F06 /* housemates-startup */ = {
			isa = PBXGroup;
			children = (
				34F35B292CEF5B3A007A68E0 /* Utilities */,
				34F35B242CEF56EA007A68E0 /* Info.plist */,
				34F35B102CEF3DFF007A68E0 /* Authentication */,
				34E6C4442CE6213C00A25F06 /* housemates_startupApp.swift */,
				34E6C4462CE6213C00A25F06 /* ContentView.swift */,
				342F4E332CE625820092251B /* MonthlyView.swift */,
				34A698602CE9A8A100AAA981 /* DailyView.swift */,
				342F4E362CE73A810092251B /* Date+Extension.swift */,
				3435BD052CEB538400682DB7 /* NewTaskView.swift */,
				3435BD072CEB54BC00682DB7 /* TaskCategoryView.swift */,
				34E6C4482CE6213D00A25F06 /* Assets.xcassets */,
				34E6C44A2CE6213D00A25F06 /* Preview Content */,
				34A6985A2CE8C5F700AAA981 /* WeeklyView.swift */,
				34A6985C2CE99BE200AAA981 /* TaskInstance.swift */,
				34F35B272CEF5931007A68E0 /* GoogleService-Info.plist */,
				34A6985E2CE99C3500AAA981 /* TaskViewModel.swift */,
			);
			path = "housemates-startup";
			sourceTree = "<group>";
		};
		34E6C44A2CE6213D00A25F06 /* Preview Content */ = {
			isa = PBXGroup;
			children = (
				34E6C44B2CE6213D00A25F06 /* Preview Assets.xcassets */,
			);
			path = "Preview Content";
			sourceTree = "<group>";
		};
		34F35B0D2CEF3DAD007A68E0 /* Frameworks */ = {
			isa = PBXGroup;
			children = (
			);
			name = Frameworks;
			sourceTree = "<group>";
		};
		34F35B102CEF3DFF007A68E0 /* Authentication */ = {
			isa = PBXGroup;
			children = (
				34F35B112CEF3E11007A68E0 /* SignInView.swift */,
				34F35B132CEF3E4F007A68E0 /* AuthenticationView.swift */,
				34F35B152CEF3F56007A68E0 /* SignInEmailViewModel.swift */,
				34F35B172CEF40BA007A68E0 /* AuthenticationManager.swift */,
				34F35B192CEF41AE007A68E0 /* AuthDataResultModel.swift */,
				34F35B1D2CEF4685007A68E0 /* SettingsView.swift */,
				34F35B2C2CEF6495007A68E0 /* SignInGoogleHelper.swift */,
			);
			path = Authentication;
			sourceTree = "<group>";
		};
		34F35B292CEF5B3A007A68E0 /* Utilities */ = {
			isa = PBXGroup;
			children = (
				34F35B2A2CEF5B4A007A68E0 /* Utilities.swift */,
			);
			path = Utilities;
			sourceTree = "<group>";
		};
/* End PBXGroup section */

/* Begin PBXNativeTarget section */
		34E6C4402CE6213C00A25F06 /* housemates-startup */ = {
			isa = PBXNativeTarget;
			buildConfigurationList = 34E6C44F2CE6213D00A25F06 /* Build configuration list for PBXNativeTarget "housemates-startup" */;
			buildPhases = (
				34E6C43D2CE6213C00A25F06 /* Sources */,
				34E6C43E2CE6213C00A25F06 /* Frameworks */,
				34E6C43F2CE6213C00A25F06 /* Resources */,
			);
			buildRules = (
			);
			dependencies = (
			);
			name = "housemates-startup";
			packageProductDependencies = (
				34F35B0B2CEF3A57007A68E0 /* FirebaseAnalytics */,
				34F35B0E2CEF3DAD007A68E0 /* FirebaseAuth */,
				34F35B202CEF56B6007A68E0 /* GoogleSignIn */,
				34F35B222CEF56B6007A68E0 /* GoogleSignInSwift */,
			);
			productName = "housemates-startup";
			productReference = 34E6C4412CE6213C00A25F06 /* housemates-startup.app */;
			productType = "com.apple.product-type.application";
		};
/* End PBXNativeTarget section */

/* Begin PBXProject section */
		34E6C4392CE6213C00A25F06 /* Project object */ = {
			isa = PBXProject;
			attributes = {
				BuildIndependentTargetsInParallel = 1;
				LastSwiftUpdateCheck = 1530;
				LastUpgradeCheck = 1530;
				TargetAttributes = {
					34E6C4402CE6213C00A25F06 = {
						CreatedOnToolsVersion = 15.3;
					};
				};
			};
			buildConfigurationList = 34E6C43C2CE6213C00A25F06 /* Build configuration list for PBXProject "housemates-startup" */;
			compatibilityVersion = "Xcode 14.0";
			developmentRegion = en;
			hasScannedForEncodings = 0;
			knownRegions = (
				en,
				Base,
			);
			mainGroup = 34E6C4382CE6213C00A25F06;
			packageReferences = (
				34F35B0A2CEF3A57007A68E0 /* XCRemoteSwiftPackageReference "firebase-ios-sdk" */,
				34F35B1F2CEF56B6007A68E0 /* XCRemoteSwiftPackageReference "GoogleSignIn-iOS" */,
			);
			productRefGroup = 34E6C4422CE6213C00A25F06 /* Products */;
			projectDirPath = "";
			projectRoot = "";
			targets = (
				34E6C4402CE6213C00A25F06 /* housemates-startup */,
			);
		};
/* End PBXProject section */

/* Begin PBXResourcesBuildPhase section */
		34E6C43F2CE6213C00A25F06 /* Resources */ = {
			isa = PBXResourcesBuildPhase;
			buildActionMask = 2147483647;
			files = (
				34E6C44C2CE6213D00A25F06 /* Preview Assets.xcassets in Resources */,
				34E6C4492CE6213D00A25F06 /* Assets.xcassets in Resources */,
				34F35B282CEF5931007A68E0 /* GoogleService-Info.plist in Resources */,
			);
			runOnlyForDeploymentPostprocessing = 0;
		};
/* End PBXResourcesBuildPhase section */

/* Begin PBXSourcesBuildPhase section */
		34E6C43D2CE6213C00A25F06 /* Sources */ = {
			isa = PBXSourcesBuildPhase;
			buildActionMask = 2147483647;
			files = (
				34A698612CE9A8A100AAA981 /* DailyView.swift in Sources */,
				342F4E342CE625820092251B /* MonthlyView.swift in Sources */,
				34F35B142CEF3E4F007A68E0 /* AuthenticationView.swift in Sources */,
				3435BD062CEB538400682DB7 /* NewTaskView.swift in Sources */,
				34A6985F2CE99C3500AAA981 /* TaskViewModel.swift in Sources */,
				34F35B1E2CEF4685007A68E0 /* SettingsView.swift in Sources */,
				34F35B2B2CEF5B4A007A68E0 /* Utilities.swift in Sources */,
				34F35B162CEF3F56007A68E0 /* SignInEmailViewModel.swift in Sources */,
				34E6C4472CE6213C00A25F06 /* ContentView.swift in Sources */,
				34A6985B2CE8C5F700AAA981 /* WeeklyView.swift in Sources */,
				34F35B2D2CEF6495007A68E0 /* SignInGoogleHelper.swift in Sources */,
				34E6C4452CE6213C00A25F06 /* housemates_startupApp.swift in Sources */,
				34F35B1A2CEF41AE007A68E0 /* AuthDataResultModel.swift in Sources */,
				34F35B182CEF40BA007A68E0 /* AuthenticationManager.swift in Sources */,
				34A6985D2CE99BE200AAA981 /* TaskInstance.swift in Sources */,
				342F4E372CE73A810092251B /* Date+Extension.swift in Sources */,
				34F35B122CEF3E11007A68E0 /* SignInView.swift in Sources */,
				3435BD082CEB54BC00682DB7 /* TaskCategoryView.swift in Sources */,
			);
			runOnlyForDeploymentPostprocessing = 0;
		};
/* End PBXSourcesBuildPhase section */

/* Begin XCBuildConfiguration section */
		34E6C44D2CE6213D00A25F06 /* Debug */ = {
			isa = XCBuildConfiguration;
			buildSettings = {
				ALWAYS_SEARCH_USER_PATHS = NO;
				ASSETCATALOG_COMPILER_GENERATE_SWIFT_ASSET_SYMBOL_EXTENSIONS = YES;
				CLANG_ANALYZER_NONNULL = YES;
				CLANG_ANALYZER_NUMBER_OBJECT_CONVERSION = YES_AGGRESSIVE;
				CLANG_CXX_LANGUAGE_STANDARD = "gnu++20";
				CLANG_ENABLE_MODULES = YES;
				CLANG_ENABLE_OBJC_ARC = YES;
				CLANG_ENABLE_OBJC_WEAK = YES;
				CLANG_WARN_BLOCK_CAPTURE_AUTORELEASING = YES;
				CLANG_WARN_BOOL_CONVERSION = YES;
				CLANG_WARN_COMMA = YES;
				CLANG_WARN_CONSTANT_CONVERSION = YES;
				CLANG_WARN_DEPRECATED_OBJC_IMPLEMENTATIONS = YES;
				CLANG_WARN_DIRECT_OBJC_ISA_USAGE = YES_ERROR;
				CLANG_WARN_DOCUMENTATION_COMMENTS = YES;
				CLANG_WARN_EMPTY_BODY = YES;
				CLANG_WARN_ENUM_CONVERSION = YES;
				CLANG_WARN_INFINITE_RECURSION = YES;
				CLANG_WARN_INT_CONVERSION = YES;
				CLANG_WARN_NON_LITERAL_NULL_CONVERSION = YES;
				CLANG_WARN_OBJC_IMPLICIT_RETAIN_SELF = YES;
				CLANG_WARN_OBJC_LITERAL_CONVERSION = YES;
				CLANG_WARN_OBJC_ROOT_CLASS = YES_ERROR;
				CLANG_WARN_QUOTED_INCLUDE_IN_FRAMEWORK_HEADER = YES;
				CLANG_WARN_RANGE_LOOP_ANALYSIS = YES;
				CLANG_WARN_STRICT_PROTOTYPES = YES;
				CLANG_WARN_SUSPICIOUS_MOVE = YES;
				CLANG_WARN_UNGUARDED_AVAILABILITY = YES_AGGRESSIVE;
				CLANG_WARN_UNREACHABLE_CODE = YES;
				CLANG_WARN__DUPLICATE_METHOD_MATCH = YES;
				COPY_PHASE_STRIP = NO;
				DEBUG_INFORMATION_FORMAT = dwarf;
				ENABLE_STRICT_OBJC_MSGSEND = YES;
				ENABLE_TESTABILITY = YES;
				ENABLE_USER_SCRIPT_SANDBOXING = YES;
				GCC_C_LANGUAGE_STANDARD = gnu17;
				GCC_DYNAMIC_NO_PIC = NO;
				GCC_NO_COMMON_BLOCKS = YES;
				GCC_OPTIMIZATION_LEVEL = 0;
				GCC_PREPROCESSOR_DEFINITIONS = (
					"DEBUG=1",
					"$(inherited)",
				);
				GCC_WARN_64_TO_32_BIT_CONVERSION = YES;
				GCC_WARN_ABOUT_RETURN_TYPE = YES_ERROR;
				GCC_WARN_UNDECLARED_SELECTOR = YES;
				GCC_WARN_UNINITIALIZED_AUTOS = YES_AGGRESSIVE;
				GCC_WARN_UNUSED_FUNCTION = YES;
				GCC_WARN_UNUSED_VARIABLE = YES;
				IPHONEOS_DEPLOYMENT_TARGET = 17.4;
				LOCALIZATION_PREFERS_STRING_CATALOGS = YES;
				MTL_ENABLE_DEBUG_INFO = INCLUDE_SOURCE;
				MTL_FAST_MATH = YES;
				ONLY_ACTIVE_ARCH = YES;
				SDKROOT = iphoneos;
				SWIFT_ACTIVE_COMPILATION_CONDITIONS = "DEBUG $(inherited)";
				SWIFT_OPTIMIZATION_LEVEL = "-Onone";
			};
			name = Debug;
		};
		34E6C44E2CE6213D00A25F06 /* Release */ = {
			isa = XCBuildConfiguration;
			buildSettings = {
				ALWAYS_SEARCH_USER_PATHS = NO;
				ASSETCATALOG_COMPILER_GENERATE_SWIFT_ASSET_SYMBOL_EXTENSIONS = YES;
				CLANG_ANALYZER_NONNULL = YES;
				CLANG_ANALYZER_NUMBER_OBJECT_CONVERSION = YES_AGGRESSIVE;
				CLANG_CXX_LANGUAGE_STANDARD = "gnu++20";
				CLANG_ENABLE_MODULES = YES;
				CLANG_ENABLE_OBJC_ARC = YES;
				CLANG_ENABLE_OBJC_WEAK = YES;
				CLANG_WARN_BLOCK_CAPTURE_AUTORELEASING = YES;
				CLANG_WARN_BOOL_CONVERSION = YES;
				CLANG_WARN_COMMA = YES;
				CLANG_WARN_CONSTANT_CONVERSION = YES;
				CLANG_WARN_DEPRECATED_OBJC_IMPLEMENTATIONS = YES;
				CLANG_WARN_DIRECT_OBJC_ISA_USAGE = YES_ERROR;
				CLANG_WARN_DOCUMENTATION_COMMENTS = YES;
				CLANG_WARN_EMPTY_BODY = YES;
				CLANG_WARN_ENUM_CONVERSION = YES;
				CLANG_WARN_INFINITE_RECURSION = YES;
				CLANG_WARN_INT_CONVERSION = YES;
				CLANG_WARN_NON_LITERAL_NULL_CONVERSION = YES;
				CLANG_WARN_OBJC_IMPLICIT_RETAIN_SELF = YES;
				CLANG_WARN_OBJC_LITERAL_CONVERSION = YES;
				CLANG_WARN_OBJC_ROOT_CLASS = YES_ERROR;
				CLANG_WARN_QUOTED_INCLUDE_IN_FRAMEWORK_HEADER = YES;
				CLANG_WARN_RANGE_LOOP_ANALYSIS = YES;
				CLANG_WARN_STRICT_PROTOTYPES = YES;
				CLANG_WARN_SUSPICIOUS_MOVE = YES;
				CLANG_WARN_UNGUARDED_AVAILABILITY = YES_AGGRESSIVE;
				CLANG_WARN_UNREACHABLE_CODE = YES;
				CLANG_WARN__DUPLICATE_METHOD_MATCH = YES;
				COPY_PHASE_STRIP = NO;
				DEBUG_INFORMATION_FORMAT = "dwarf-with-dsym";
				ENABLE_NS_ASSERTIONS = NO;
				ENABLE_STRICT_OBJC_MSGSEND = YES;
				ENABLE_USER_SCRIPT_SANDBOXING = YES;
				GCC_C_LANGUAGE_STANDARD = gnu17;
				GCC_NO_COMMON_BLOCKS = YES;
				GCC_WARN_64_TO_32_BIT_CONVERSION = YES;
				GCC_WARN_ABOUT_RETURN_TYPE = YES_ERROR;
				GCC_WARN_UNDECLARED_SELECTOR = YES;
				GCC_WARN_UNINITIALIZED_AUTOS = YES_AGGRESSIVE;
				GCC_WARN_UNUSED_FUNCTION = YES;
				GCC_WARN_UNUSED_VARIABLE = YES;
				IPHONEOS_DEPLOYMENT_TARGET = 17.4;
				LOCALIZATION_PREFERS_STRING_CATALOGS = YES;
				MTL_ENABLE_DEBUG_INFO = NO;
				MTL_FAST_MATH = YES;
				SDKROOT = iphoneos;
				SWIFT_COMPILATION_MODE = wholemodule;
				VALIDATE_PRODUCT = YES;
			};
			name = Release;
		};
		34E6C4502CE6213D00A25F06 /* Debug */ = {
			isa = XCBuildConfiguration;
			buildSettings = {
				ASSETCATALOG_COMPILER_APPICON_NAME = AppIcon;
				ASSETCATALOG_COMPILER_GLOBAL_ACCENT_COLOR_NAME = AccentColor;
				CODE_SIGN_STYLE = Automatic;
				CURRENT_PROJECT_VERSION = 1;
				DEVELOPMENT_ASSET_PATHS = "\"housemates-startup/Preview Content\"";
				DEVELOPMENT_TEAM = MM6QM337LL;
				ENABLE_PREVIEWS = YES;
				GENERATE_INFOPLIST_FILE = YES;
				INFOPLIST_FILE = "housemates-startup/Info.plist";
				INFOPLIST_KEY_UIApplicationSceneManifest_Generation = YES;
				INFOPLIST_KEY_UIApplicationSupportsIndirectInputEvents = YES;
				INFOPLIST_KEY_UILaunchScreen_Generation = YES;
				INFOPLIST_KEY_UISupportedInterfaceOrientations_iPad = "UIInterfaceOrientationPortrait UIInterfaceOrientationPortraitUpsideDown UIInterfaceOrientationLandscapeLeft UIInterfaceOrientationLandscapeRight";
				INFOPLIST_KEY_UISupportedInterfaceOrientations_iPhone = "UIInterfaceOrientationPortrait UIInterfaceOrientationLandscapeLeft UIInterfaceOrientationLandscapeRight";
				LD_RUNPATH_SEARCH_PATHS = (
					"$(inherited)",
					"@executable_path/Frameworks",
				);
				MARKETING_VERSION = 1.0;
				PRODUCT_BUNDLE_IDENTIFIER = "Bryan.housemates-startup";
				PRODUCT_NAME = "$(TARGET_NAME)";
				SWIFT_EMIT_LOC_STRINGS = YES;
				SWIFT_VERSION = 5.0;
				TARGETED_DEVICE_FAMILY = "1,2";
			};
			name = Debug;
		};
		34E6C4512CE6213D00A25F06 /* Release */ = {
			isa = XCBuildConfiguration;
			buildSettings = {
				ASSETCATALOG_COMPILER_APPICON_NAME = AppIcon;
				ASSETCATALOG_COMPILER_GLOBAL_ACCENT_COLOR_NAME = AccentColor;
				CODE_SIGN_STYLE = Automatic;
				CURRENT_PROJECT_VERSION = 1;
				DEVELOPMENT_ASSET_PATHS = "\"housemates-startup/Preview Content\"";
				DEVELOPMENT_TEAM = MM6QM337LL;
				ENABLE_PREVIEWS = YES;
				GENERATE_INFOPLIST_FILE = YES;
				INFOPLIST_FILE = "housemates-startup/Info.plist";
				INFOPLIST_KEY_UIApplicationSceneManifest_Generation = YES;
				INFOPLIST_KEY_UIApplicationSupportsIndirectInputEvents = YES;
				INFOPLIST_KEY_UILaunchScreen_Generation = YES;
				INFOPLIST_KEY_UISupportedInterfaceOrientations_iPad = "UIInterfaceOrientationPortrait UIInterfaceOrientationPortraitUpsideDown UIInterfaceOrientationLandscapeLeft UIInterfaceOrientationLandscapeRight";
				INFOPLIST_KEY_UISupportedInterfaceOrientations_iPhone = "UIInterfaceOrientationPortrait UIInterfaceOrientationLandscapeLeft UIInterfaceOrientationLandscapeRight";
				LD_RUNPATH_SEARCH_PATHS = (
					"$(inherited)",
					"@executable_path/Frameworks",
				);
				MARKETING_VERSION = 1.0;
				PRODUCT_BUNDLE_IDENTIFIER = "Bryan.housemates-startup";
				PRODUCT_NAME = "$(TARGET_NAME)";
				SWIFT_EMIT_LOC_STRINGS = YES;
				SWIFT_VERSION = 5.0;
				TARGETED_DEVICE_FAMILY = "1,2";
			};
			name = Release;
		};
/* End XCBuildConfiguration section */

/* Begin XCConfigurationList section */
		34E6C43C2CE6213C00A25F06 /* Build configuration list for PBXProject "housemates-startup" */ = {
			isa = XCConfigurationList;
			buildConfigurations = (
				34E6C44D2CE6213D00A25F06 /* Debug */,
				34E6C44E2CE6213D00A25F06 /* Release */,
			);
			defaultConfigurationIsVisible = 0;
			defaultConfigurationName = Release;
		};
		34E6C44F2CE6213D00A25F06 /* Build configuration list for PBXNativeTarget "housemates-startup" */ = {
			isa = XCConfigurationList;
			buildConfigurations = (
				34E6C4502CE6213D00A25F06 /* Debug */,
				34E6C4512CE6213D00A25F06 /* Release */,
			);
			defaultConfigurationIsVisible = 0;
			defaultConfigurationName = Release;
		};
/* End XCConfigurationList section */

/* Begin XCRemoteSwiftPackageReference section */
		34F35B0A2CEF3A57007A68E0 /* XCRemoteSwiftPackageReference "firebase-ios-sdk" */ = {
			isa = XCRemoteSwiftPackageReference;
			repositoryURL = "https://github.com/firebase/firebase-ios-sdk";
			requirement = {
				kind = upToNextMajorVersion;
				minimumVersion = 11.5.0;
			};
		};
		34F35B1F2CEF56B6007A68E0 /* XCRemoteSwiftPackageReference "GoogleSignIn-iOS" */ = {
			isa = XCRemoteSwiftPackageReference;
			repositoryURL = "https://github.com/google/GoogleSignIn-iOS.git";
			requirement = {
				kind = upToNextMajorVersion;
				minimumVersion = 8.0.0;
			};
		};
/* End XCRemoteSwiftPackageReference section */

/* Begin XCSwiftPackageProductDependency section */
		34F35B0B2CEF3A57007A68E0 /* FirebaseAnalytics */ = {
			isa = XCSwiftPackageProductDependency;
			package = 34F35B0A2CEF3A57007A68E0 /* XCRemoteSwiftPackageReference "firebase-ios-sdk" */;
			productName = FirebaseAnalytics;
		};
		34F35B0E2CEF3DAD007A68E0 /* FirebaseAuth */ = {
			isa = XCSwiftPackageProductDependency;
			package = 34F35B0A2CEF3A57007A68E0 /* XCRemoteSwiftPackageReference "firebase-ios-sdk" */;
			productName = FirebaseAuth;
		};
		34F35B202CEF56B6007A68E0 /* GoogleSignIn */ = {
			isa = XCSwiftPackageProductDependency;
			package = 34F35B1F2CEF56B6007A68E0 /* XCRemoteSwiftPackageReference "GoogleSignIn-iOS" */;
			productName = GoogleSignIn;
		};
		34F35B222CEF56B6007A68E0 /* GoogleSignInSwift */ = {
			isa = XCSwiftPackageProductDependency;
			package = 34F35B1F2CEF56B6007A68E0 /* XCRemoteSwiftPackageReference "GoogleSignIn-iOS" */;
			productName = GoogleSignInSwift;
		};
/* End XCSwiftPackageProductDependency section */
	};
	rootObject = 34E6C4392CE6213C00A25F06 /* Project object */;
}
